{
  "name": "prisma_etl",
  "version": "1.0.0",
  "lockfileVersion": 3,
  "requires": true,
  "packages": {
    "": {
      "name": "prisma_etl",
      "version": "1.0.0",
      "license": "ISC",
      "dependencies": {
        "@prisma/client": "^5.13.0",
        "@prisma/extension-accelerate": "^1.0.0",
        "typescript": "^5.4.5"
      }
    },
    "node_modules/@prisma/client": {
      "version": "5.13.0",
      "resolved": "https://registry.npmjs.org/@prisma/client/-/client-5.13.0.tgz",
      "integrity": "sha512-uYdfpPncbZ/syJyiYBwGZS8Gt1PTNoErNYMuqHDa2r30rNSFtgTA/LXsSk55R7pdRTMi5pHkeP9B14K6nHmwkg==",
      "hasInstallScript": true,
      "engines": {
        "node": ">=16.13"
      },
      "peerDependencies": {
        "prisma": "*"
      },
      "peerDependenciesMeta": {
        "prisma": {
          "optional": true
        }
      }
    },
    "node_modules/@prisma/extension-accelerate": {
      "version": "1.0.0",
      "resolved": "https://registry.npmjs.org/@prisma/extension-accelerate/-/extension-accelerate-1.0.0.tgz",
      "integrity": "sha512-5oSpPtKCMfTl/sSXaS/7vBsPqfm+eEVB6/5KPBJITFatDoFcmjx/PIC/T93mHLiHI98xKwosPN59NGXjDDhcFA==",
      "engines": {
        "node": ">=16"
      },
      "peerDependencies": {
        "@prisma/client": ">=4.16.1"
      }
    },
    "node_modules/typescript": {
      "version": "5.4.5",
      "resolved": "https://registry.npmjs.org/typescript/-/typescript-5.4.5.tgz",
      "integrity": "sha512-vcI4UpRgg81oIRUFwR0WSIHKt11nJ7SAVlYNIu+QpqeyXP+gpQJy/Z4+F0aGxSE4MqwjyXvW/TzgkLAx2AGHwQ==",
      "bin": {
        "tsc": "bin/tsc",
        "tsserver": "bin/tsserver"
      },
      "engines": {
        "node": ">=14.17"
      }
    }
  }
}
